
Microsoft Visual Studio Solution File, Format Version 12.00
# Visual Studio Version 17
VisualStudioVersion = 17.0.31903.59
MinimumVisualStudioVersion = 10.0.40219.1
Project("{2150E333-8FDC-42A3-9474-1A3956D46DE8}") = "src", "src", "{827E0CD3-B72D-47B6-A68D-7590B98EB39B}"
EndProject
Project("{2150E333-8FDC-42A3-9474-1A3956D46DE8}") = "Core", "Core", "{8D626EA8-CB54-BC41-363A-217881BEBA6E}"
EndProject
Project("{FAE04EC0-301F-11D3-BF4B-00C04F79EFBC}") = "AkironSeo.Domain", "src\Core\AkironSeo.Domain\AkironSeo.Domain.csproj", "{FACB3613-E71B-456B-B3C1-35F69927E629}"
EndProject
Project("{FAE04EC0-301F-11D3-BF4B-00C04F79EFBC}") = "AkironSeo.Application", "src\Core\AkironSeo.Application\AkironSeo.Application.csproj", "{91BD9C0E-72B6-430E-BF04-3609493C8045}"
EndProject
Project("{2150E333-8FDC-42A3-9474-1A3956D46DE8}") = "Infrastructure", "Infrastructure", "{9048EB7F-3875-A59E-E36B-5BD4C6F2A282}"
EndProject
Project("{FAE04EC0-301F-11D3-BF4B-00C04F79EFBC}") = "AkironSeo.Infrastructure", "src\Infrastructure\AkironSeo.Infrastructure\AkironSeo.Infrastructure.csproj", "{1275694F-05A4-4DD6-869F-86F4A7D7D134}"
EndProject
Project("{2150E333-8FDC-42A3-9474-1A3956D46DE8}") = "Presentation", "Presentation", "{6996BBF7-DB31-59BC-C7DD-9A7CCC6138C4}"
EndProject
Project("{FAE04EC0-301F-11D3-BF4B-00C04F79EFBC}") = "AkironSeo.API", "src\Presentation\AkironSeo.API\AkironSeo.API.csproj", "{72D673BD-0D34-4301-9426-0E9F921FC255}"
EndProject
Global
	GlobalSection(SolutionConfigurationPlatforms) = preSolution
		Debug|Any CPU = Debug|Any CPU
		Debug|x64 = Debug|x64
		Debug|x86 = Debug|x86
		Release|Any CPU = Release|Any CPU
		Release|x64 = Release|x64
		Release|x86 = Release|x86
	EndGlobalSection
	GlobalSection(ProjectConfigurationPlatforms) = postSolution
		{FACB3613-E71B-456B-B3C1-35F69927E629}.Debug|Any CPU.ActiveCfg = Debug|Any CPU
		{FACB3613-E71B-456B-B3C1-35F69927E629}.Debug|Any CPU.Build.0 = Debug|Any CPU
		{FACB3613-E71B-456B-B3C1-35F69927E629}.Debug|x64.ActiveCfg = Debug|Any CPU
		{FACB3613-E71B-456B-B3C1-35F69927E629}.Debug|x64.Build.0 = Debug|Any CPU
		{FACB3613-E71B-456B-B3C1-35F69927E629}.Debug|x86.ActiveCfg = Debug|Any CPU
		{FACB3613-E71B-456B-B3C1-35F69927E629}.Debug|x86.Build.0 = Debug|Any CPU
		{FACB3613-E71B-456B-B3C1-35F69927E629}.Release|Any CPU.ActiveCfg = Release|Any CPU
		{FACB3613-E71B-456B-B3C1-35F69927E629}.Release|Any CPU.Build.0 = Release|Any CPU
		{FACB3613-E71B-456B-B3C1-35F69927E629}.Release|x64.ActiveCfg = Release|Any CPU
		{FACB3613-E71B-456B-B3C1-35F69927E629}.Release|x64.Build.0 = Release|Any CPU
		{FACB3613-E71B-456B-B3C1-35F69927E629}.Release|x86.ActiveCfg = Release|Any CPU
		{FACB3613-E71B-456B-B3C1-35F69927E629}.Release|x86.Build.0 = Release|Any CPU
		{91BD9C0E-72B6-430E-BF04-3609493C8045}.Debug|Any CPU.ActiveCfg = Debug|Any CPU
		{91BD9C0E-72B6-430E-BF04-3609493C8045}.Debug|Any CPU.Build.0 = Debug|Any CPU
		{91BD9C0E-72B6-430E-BF04-3609493C8045}.Debug|x64.ActiveCfg = Debug|Any CPU
		{91BD9C0E-72B6-430E-BF04-3609493C8045}.Debug|x64.Build.0 = Debug|Any CPU
		{91BD9C0E-72B6-430E-BF04-3609493C8045}.Debug|x86.ActiveCfg = Debug|Any CPU
		{91BD9C0E-72B6-430E-BF04-3609493C8045}.Debug|x86.Build.0 = Debug|Any CPU
		{91BD9C0E-72B6-430E-BF04-3609493C8045}.Release|Any CPU.ActiveCfg = Release|Any CPU
		{91BD9C0E-72B6-430E-BF04-3609493C8045}.Release|Any CPU.Build.0 = Release|Any CPU
		{91BD9C0E-72B6-430E-BF04-3609493C8045}.Release|x64.ActiveCfg = Release|Any CPU
		{91BD9C0E-72B6-430E-BF04-3609493C8045}.Release|x64.Build.0 = Release|Any CPU
		{91BD9C0E-72B6-430E-BF04-3609493C8045}.Release|x86.ActiveCfg = Release|Any CPU
		{91BD9C0E-72B6-430E-BF04-3609493C8045}.Release|x86.Build.0 = Release|Any CPU
		{1275694F-05A4-4DD6-869F-86F4A7D7D134}.Debug|Any CPU.ActiveCfg = Debug|Any CPU
		{1275694F-05A4-4DD6-869F-86F4A7D7D134}.Debug|Any CPU.Build.0 = Debug|Any CPU
		{1275694F-05A4-4DD6-869F-86F4A7D7D134}.Debug|x64.ActiveCfg = Debug|Any CPU
		{1275694F-05A4-4DD6-869F-86F4A7D7D134}.Debug|x64.Build.0 = Debug|Any CPU
		{1275694F-05A4-4DD6-869F-86F4A7D7D134}.Debug|x86.ActiveCfg = Debug|Any CPU
		{1275694F-05A4-4DD6-869F-86F4A7D7D134}.Debug|x86.Build.0 = Debug|Any CPU
		{1275694F-05A4-4DD6-869F-86F4A7D7D134}.Release|Any CPU.ActiveCfg = Release|Any CPU
		{1275694F-05A4-4DD6-869F-86F4A7D7D134}.Release|Any CPU.Build.0 = Release|Any CPU
		{1275694F-05A4-4DD6-869F-86F4A7D7D134}.Release|x64.ActiveCfg = Release|Any CPU
		{1275694F-05A4-4DD6-869F-86F4A7D7D134}.Release|x64.Build.0 = Release|Any CPU
		{1275694F-05A4-4DD6-869F-86F4A7D7D134}.Release|x86.ActiveCfg = Release|Any CPU
		{1275694F-05A4-4DD6-869F-86F4A7D7D134}.Release|x86.Build.0 = Release|Any CPU
		{72D673BD-0D34-4301-9426-0E9F921FC255}.Debug|Any CPU.ActiveCfg = Debug|Any CPU
		{72D673BD-0D34-4301-9426-0E9F921FC255}.Debug|Any CPU.Build.0 = Debug|Any CPU
		{72D673BD-0D34-4301-9426-0E9F921FC255}.Debug|x64.ActiveCfg = Debug|Any CPU
		{72D673BD-0D34-4301-9426-0E9F921FC255}.Debug|x64.Build.0 = Debug|Any CPU
		{72D673BD-0D34-4301-9426-0E9F921FC255}.Debug|x86.ActiveCfg = Debug|Any CPU
		{72D673BD-0D34-4301-9426-0E9F921FC255}.Debug|x86.Build.0 = Debug|Any CPU
		{72D673BD-0D34-4301-9426-0E9F921FC255}.Release|Any CPU.ActiveCfg = Release|Any CPU
		{72D673BD-0D34-4301-9426-0E9F921FC255}.Release|Any CPU.Build.0 = Release|Any CPU
		{72D673BD-0D34-4301-9426-0E9F921FC255}.Release|x64.ActiveCfg = Release|Any CPU
		{72D673BD-0D34-4301-9426-0E9F921FC255}.Release|x64.Build.0 = Release|Any CPU
		{72D673BD-0D34-4301-9426-0E9F921FC255}.Release|x86.ActiveCfg = Release|Any CPU
		{72D673BD-0D34-4301-9426-0E9F921FC255}.Release|x86.Build.0 = Release|Any CPU
	EndGlobalSection
	GlobalSection(SolutionProperties) = preSolution
		HideSolutionNode = FALSE
	EndGlobalSection
	GlobalSection(NestedProjects) = preSolution
		{8D626EA8-CB54-BC41-363A-217881BEBA6E} = {827E0CD3-B72D-47B6-A68D-7590B98EB39B}
		{FACB3613-E71B-456B-B3C1-35F69927E629} = {8D626EA8-CB54-BC41-363A-217881BEBA6E}
		{91BD9C0E-72B6-430E-BF04-3609493C8045} = {8D626EA8-CB54-BC41-363A-217881BEBA6E}
		{9048EB7F-3875-A59E-E36B-5BD4C6F2A282} = {827E0CD3-B72D-47B6-A68D-7590B98EB39B}
		{1275694F-05A4-4DD6-869F-86F4A7D7D134} = {9048EB7F-3875-A59E-E36B-5BD4C6F2A282}
		{6996BBF7-DB31-59BC-C7DD-9A7CCC6138C4} = {827E0CD3-B72D-47B6-A68D-7590B98EB39B}
		{72D673BD-0D34-4301-9426-0E9F921FC255} = {6996BBF7-DB31-59BC-C7DD-9A7CCC6138C4}
	EndGlobalSection
EndGlobal
